
Microsoft Visual Studio Solution File, Format Version 12.00
# Visual Studio 15
VisualStudioVersion = 15.0.28307.1800
MinimumVisualStudioVersion = 10.0.40219.1
Project("{D2ABAB84-BF74-430A-B69E-9DC6D40DDA17}") = "RetailSSAS", "RetailSSAS\RetailSSAS.dwproj", "{3C868B31-2C03-4BB1-9ED0-2560F55BA87D}"
EndProject
Global
	GlobalSection(SolutionConfigurationPlatforms) = preSolution
		Development|Default = Development|Default
	EndGlobalSection
	GlobalSection(ProjectConfigurationPlatforms) = postSolution
		{3C868B31-2C03-4BB1-9ED0-2560F55BA87D}.Development|Default.ActiveCfg = Development
		{3C868B31-2C03-4BB1-9ED0-2560F55BA87D}.Development|Default.Build.0 = Development
		{3C868B31-2C03-4BB1-9ED0-2560F55BA87D}.Development|Default.Deploy.0 = Development
	EndGlobalSection
	GlobalSection(SolutionProperties) = preSolution
		HideSolutionNode = FALSE
	EndGlobalSection
	GlobalSection(ExtensibilityGlobals) = postSolution
		SolutionGuid = {5219C7CB-715A-4EDA-BE05-9BB073724FB1}
	EndGlobalSection
EndGlobal
